// !$*UTF8*$!
{
	archiveVersion = 1;
	classes = {
	};
	objectVersion = 50;
	objects = {

/* Begin PBXBuildFile section */
		3DDE4A0424E6EEF600EB2EBF /* AppDelegate.swift in Sources */ = {isa = PBXBuildFile; fileRef = 3DDE4A0324E6EEF600EB2EBF /* AppDelegate.swift */; };
		3DDE4A0624E6EEF600EB2EBF /* SceneDelegate.swift in Sources */ = {isa = PBXBuildFile; fileRef = 3DDE4A0524E6EEF600EB2EBF /* SceneDelegate.swift */; };
		3DDE4A0824E6EEF600EB2EBF /* ViewController.swift in Sources */ = {isa = PBXBuildFile; fileRef = 3DDE4A0724E6EEF600EB2EBF /* ViewController.swift */; };
		3DDE4A0B24E6EEF600EB2EBF /* Main.storyboard in Resources */ = {isa = PBXBuildFile; fileRef = 3DDE4A0924E6EEF600EB2EBF /* Main.storyboard */; };
		3DDE4A0D24E6EEFA00EB2EBF /* Assets.xcassets in Resources */ = {isa = PBXBuildFile; fileRef = 3DDE4A0C24E6EEFA00EB2EBF /* Assets.xcassets */; };
		3DDE4A1024E6EEFA00EB2EBF /* LaunchScreen.storyboard in Resources */ = {isa = PBXBuildFile; fileRef = 3DDE4A0E24E6EEFA00EB2EBF /* LaunchScreen.storyboard */; };
		3DDE4A1824E6EF1700EB2EBF /* NerdzOverlapScrollController.swift in Sources */ = {isa = PBXBuildFile; fileRef = 3DDE4A1724E6EF1700EB2EBF /* NerdzOverlapScrollController.swift */; };
/* End PBXBuildFile section */

/* Begin PBXFileReference section */
		3DDE4A0024E6EEF600EB2EBF /* NerdzOverlapScroll.app */ = {isa = PBXFileReference; explicitFileType = wrapper.application; includeInIndex = 0; path = NerdzOverlapScroll.app; sourceTree = BUILT_PRODUCTS_DIR; };
		3DDE4A0324E6EEF600EB2EBF /* AppDelegate.swift */ = {isa = PBXFileReference; lastKnownFileType = sourcecode.swift; path = AppDelegate.swift; sourceTree = "<group>"; };
		3DDE4A0524E6EEF600EB2EBF /* SceneDelegate.swift */ = {isa = PBXFileReference; lastKnownFileType = sourcecode.swift; path = SceneDelegate.swift; sourceTree = "<group>"; };
		3DDE4A0724E6EEF600EB2EBF /* ViewController.swift */ = {isa = PBXFileReference; lastKnownFileType = sourcecode.swift; path = ViewController.swift; sourceTree = "<group>"; };
		3DDE4A0A24E6EEF600EB2EBF /* Base */ = {isa = PBXFileReference; lastKnownFileType = file.storyboard; name = Base; path = Base.lproj/Main.storyboard; sourceTree = "<group>"; };
		3DDE4A0C24E6EEFA00EB2EBF /* Assets.xcassets */ = {isa = PBXFileReference; lastKnownFileType = folder.assetcatalog; path = Assets.xcassets; sourceTree = "<group>"; };
		3DDE4A0F24E6EEFA00EB2EBF /* Base */ = {isa = PBXFileReference; lastKnownFileType = file.storyboard; name = Base; path = Base.lproj/LaunchScreen.storyboard; sourceTree = "<group>"; };
		3DDE4A1124E6EEFA00EB2EBF /* Info.plist */ = {isa = PBXFileReference; lastKnownFileType = text.plist.xml; path = Info.plist; sourceTree = "<group>"; };
		3DDE4A1724E6EF1700EB2EBF /* NerdzOverlapScrollController.swift */ = {isa = PBXFileReference; fileEncoding = 4; lastKnownFileType = sourcecode.swift; path = NerdzOverlapScrollController.swift; sourceTree = "<group>"; };
/* End PBXFileReference section */

/* Begin PBXFrameworksBuildPhase section */
		3DDE49FD24E6EEF600EB2EBF /* Frameworks */ = {
			isa = PBXFrameworksBuildPhase;
			buildActionMask = 2147483647;
			files = (
			);
			runOnlyForDeploymentPostprocessing = 0;
		};
/* End PBXFrameworksBuildPhase section */

/* Begin PBXGroup section */
		3DDE49F724E6EEF600EB2EBF = {
			isa = PBXGroup;
			children = (
				3DDE4A0224E6EEF600EB2EBF /* NerdzOverlapScroll */,
				3DDE4A0124E6EEF600EB2EBF /* Products */,
			);
			sourceTree = "<group>";
		};
		3DDE4A0124E6EEF600EB2EBF /* Products */ = {
			isa = PBXGroup;
			children = (
				3DDE4A0024E6EEF600EB2EBF /* NerdzOverlapScroll.app */,
			);
			name = Products;
			sourceTree = "<group>";
		};
		3DDE4A0224E6EEF600EB2EBF /* NerdzOverlapScroll */ = {
			isa = PBXGroup;
			children = (
				3DDE4A1724E6EF1700EB2EBF /* NerdzOverlapScrollController.swift */,
				3DDE4A0324E6EEF600EB2EBF /* AppDelegate.swift */,
				3DDE4A0524E6EEF600EB2EBF /* SceneDelegate.swift */,
				3DDE4A0724E6EEF600EB2EBF /* ViewController.swift */,
				3DDE4A0924E6EEF600EB2EBF /* Main.storyboard */,
				3DDE4A0C24E6EEFA00EB2EBF /* Assets.xcassets */,
				3DDE4A0E24E6EEFA00EB2EBF /* LaunchScreen.storyboard */,
				3DDE4A1124E6EEFA00EB2EBF /* Info.plist */,
			);
			path = NerdzOverlapScroll;
			sourceTree = "<group>";
		};
/* End PBXGroup section */

/* Begin PBXNativeTarget section */
		3DDE49FF24E6EEF600EB2EBF /* NerdzOverlapScroll */ = {
			isa = PBXNativeTarget;
			buildConfigurationList = 3DDE4A1424E6EEFA00EB2EBF /* Build configuration list for PBXNativeTarget "NerdzOverlapScroll" */;
			buildPhases = (
				3DDE49FC24E6EEF600EB2EBF /* Sources */,
				3DDE49FD24E6EEF600EB2EBF /* Frameworks */,
				3DDE49FE24E6EEF600EB2EBF /* Resources */,
			);
			buildRules = (
			);
			dependencies = (
			);
			name = NerdzOverlapScroll;
			productName = NerdzOverlapScroll;
			productReference = 3DDE4A0024E6EEF600EB2EBF /* NerdzOverlapScroll.app */;
			productType = "com.apple.product-type.application";
		};
/* End PBXNativeTarget section */

/* Begin PBXProject section */
		3DDE49F824E6EEF600EB2EBF /* Project object */ = {
			isa = PBXProject;
			attributes = {
				LastSwiftUpdateCheck = 1150;
				LastUpgradeCheck = 1150;
				ORGANIZATIONNAME = "Vasyl Khmil";
				TargetAttributes = {
					3DDE49FF24E6EEF600EB2EBF = {
						CreatedOnToolsVersion = 11.5;
					};
				};
			};
			buildConfigurationList = 3DDE49FB24E6EEF600EB2EBF /* Build configuration list for PBXProject "NerdzOverlapScroll" */;
			compatibilityVersion = "Xcode 9.3";
			developmentRegion = en;
			hasScannedForEncodings = 0;
			knownRegions = (
				en,
				Base,
			);
			mainGroup = 3DDE49F724E6EEF600EB2EBF;
			productRefGroup = 3DDE4A0124E6EEF600EB2EBF /* Products */;
			projectDirPath = "";
			projectRoot = "";
			targets = (
				3DDE49FF24E6EEF600EB2EBF /* NerdzOverlapScroll */,
			);
		};
/* End PBXProject section */

/* Begin PBXResourcesBuildPhase section */
		3DDE49FE24E6EEF600EB2EBF /* Resources */ = {
			isa = PBXResourcesBuildPhase;
			buildActionMask = 2147483647;
			files = (
				3DDE4A1024E6EEFA00EB2EBF /* LaunchScreen.storyboard in Resources */,
				3DDE4A0D24E6EEFA00EB2EBF /* Assets.xcassets in Resources */,
				3DDE4A0B24E6EEF600EB2EBF /* Main.storyboard in Resources */,
			);
			runOnlyForDeploymentPostprocessing = 0;
		};
/* End PBXResourcesBuildPhase section */

/* Begin PBXSourcesBuildPhase section */
		3DDE49FC24E6EEF600EB2EBF /* Sources */ = {
			isa = PBXSourcesBuildPhase;
			buildActionMask = 2147483647;
			files = (
				3DDE4A0824E6EEF600EB2EBF /* ViewController.swift in Sources */,
				3DDE4A0424E6EEF600EB2EBF /* AppDelegate.swift in Sources */,
				3DDE4A0624E6EEF600EB2EBF /* SceneDelegate.swift in Sources */,
				3DDE4A1824E6EF1700EB2EBF /* NerdzOverlapScrollController.swift in Sources */,
			);
			runOnlyForDeploymentPostprocessing = 0;
		};
/* End PBXSourcesBuildPhase section */

/* Begin PBXVariantGroup section */
		3DDE4A0924E6EEF600EB2EBF /* Main.storyboard */ = {
			isa = PBXVariantGroup;
			children = (
				3DDE4A0A24E6EEF600EB2EBF /* Base */,
			);
			name = Main.storyboard;
			sourceTree = "<group>";
		};
		3DDE4A0E24E6EEFA00EB2EBF /* LaunchScreen.storyboard */ = {
			isa = PBXVariantGroup;
			children = (
				3DDE4A0F24E6EEFA00EB2EBF /* Base */,
			);
			name = LaunchScreen.storyboard;
			sourceTree = "<group>";
		};
/* End PBXVariantGroup section */

/* Begin XCBuildConfiguration section */
		3DDE4A1224E6EEFA00EB2EBF /* Debug */ = {
			isa = XCBuildConfiguration;
			buildSettings = {
				ALWAYS_SEARCH_USER_PATHS = NO;
				CLANG_ANALYZER_NONNULL = YES;
				CLANG_ANALYZER_NUMBER_OBJECT_CONVERSION = YES_AGGRESSIVE;
				CLANG_CXX_LANGUAGE_STANDARD = "gnu++14";
				CLANG_CXX_LIBRARY = "libc++";
				CLANG_ENABLE_MODULES = YES;
				CLANG_ENABLE_OBJC_ARC = YES;
				CLANG_ENABLE_OBJC_WEAK = YES;
				CLANG_WARN_BLOCK_CAPTURE_AUTORELEASING = YES;
				CLANG_WARN_BOOL_CONVERSION = YES;
				CLANG_WARN_COMMA = YES;
				CLANG_WARN_CONSTANT_CONVERSION = YES;
				CLANG_WARN_DEPRECATED_OBJC_IMPLEMENTATIONS = YES;
				CLANG_WARN_DIRECT_OBJC_ISA_USAGE = YES_ERROR;
				CLANG_WARN_DOCUMENTATION_COMMENTS = YES;
				CLANG_WARN_EMPTY_BODY = YES;
				CLANG_WARN_ENUM_CONVERSION = YES;
				CLANG_WARN_INFINITE_RECURSION = YES;
				CLANG_WARN_INT_CONVERSION = YES;
				CLANG_WARN_NON_LITERAL_NULL_CONVERSION = YES;
				CLANG_WARN_OBJC_IMPLICIT_RETAIN_SELF = YES;
				CLANG_WARN_OBJC_LITERAL_CONVERSION = YES;
				CLANG_WARN_OBJC_ROOT_CLASS = YES_ERROR;
				CLANG_WARN_RANGE_LOOP_ANALYSIS = YES;
				CLANG_WARN_STRICT_PROTOTYPES = YES;
				CLANG_WARN_SUSPICIOUS_MOVE = YES;
				CLANG_WARN_UNGUARDED_AVAILABILITY = YES_AGGRESSIVE;
				CLANG_WARN_UNREACHABLE_CODE = YES;
				CLANG_WARN__DUPLICATE_METHOD_MATCH = YES;
				COPY_PHASE_STRIP = NO;
				DEBUG_INFORMATION_FORMAT = dwarf;
				ENABLE_STRICT_OBJC_MSGSEND = YES;
				ENABLE_TESTABILITY = YES;
				GCC_C_LANGUAGE_STANDARD = gnu11;
				GCC_DYNAMIC_NO_PIC = NO;
				GCC_NO_COMMON_BLOCKS = YES;
				GCC_OPTIMIZATION_LEVEL = 0;
				GCC_PREPROCESSOR_DEFINITIONS = (
					"DEBUG=1",
					"$(inherited)",
				);
				GCC_WARN_64_TO_32_BIT_CONVERSION = YES;
				GCC_WARN_ABOUT_RETURN_TYPE = YES_ERROR;
				GCC_WARN_UNDECLARED_SELECTOR = YES;
				GCC_WARN_UNINITIALIZED_AUTOS = YES_AGGRESSIVE;
				GCC_WARN_UNUSED_FUNCTION = YES;
				GCC_WARN_UNUSED_VARIABLE = YES;
				IPHONEOS_DEPLOYMENT_TARGET = 13.5;
				MTL_ENABLE_DEBUG_INFO = INCLUDE_SOURCE;
				MTL_FAST_MATH = YES;
				ONLY_ACTIVE_ARCH = YES;
				SDKROOT = iphoneos;
				SWIFT_ACTIVE_COMPILATION_CONDITIONS = DEBUG;
				SWIFT_OPTIMIZATION_LEVEL = "-Onone";
			};
			name = Debug;
		};
		3DDE4A1324E6EEFA00EB2EBF /* Release */ = {
			isa = XCBuildConfiguration;
			buildSettings = {
				ALWAYS_SEARCH_USER_PATHS = NO;
				CLANG_ANALYZER_NONNULL = YES;
				CLANG_ANALYZER_NUMBER_OBJECT_CONVERSION = YES_AGGRESSIVE;
				CLANG_CXX_LANGUAGE_STANDARD = "gnu++14";
				CLANG_CXX_LIBRARY = "libc++";
				CLANG_ENABLE_MODULES = YES;
				CLANG_ENABLE_OBJC_ARC = YES;
				CLANG_ENABLE_OBJC_WEAK = YES;
				CLANG_WARN_BLOCK_CAPTURE_AUTORELEASING = YES;
				CLANG_WARN_BOOL_CONVERSION = YES;
				CLANG_WARN_COMMA = YES;
				CLANG_WARN_CONSTANT_CONVERSION = YES;
				CLANG_WARN_DEPRECATED_OBJC_IMPLEMENTATIONS = YES;
				CLANG_WARN_DIRECT_OBJC_ISA_USAGE = YES_ERROR;
				CLANG_WARN_DOCUMENTATION_COMMENTS = YES;
				CLANG_WARN_EMPTY_BODY = YES;
				CLANG_WARN_ENUM_CONVERSION = YES;
				CLANG_WARN_INFINITE_RECURSION = YES;
				CLANG_WARN_INT_CONVERSION = YES;
				CLANG_WARN_NON_LITERAL_NULL_CONVERSION = YES;
				CLANG_WARN_OBJC_IMPLICIT_RETAIN_SELF = YES;
				CLANG_WARN_OBJC_LITERAL_CONVERSION = YES;
				CLANG_WARN_OBJC_ROOT_CLASS = YES_ERROR;
				CLANG_WARN_RANGE_LOOP_ANALYSIS = YES;
				CLANG_WARN_STRICT_PROTOTYPES = YES;
				CLANG_WARN_SUSPICIOUS_MOVE = YES;
				CLANG_WARN_UNGUARDED_AVAILABILITY = YES_AGGRESSIVE;
				CLANG_WARN_UNREACHABLE_CODE = YES;
				CLANG_WARN__DUPLICATE_METHOD_MATCH = YES;
				COPY_PHASE_STRIP = NO;
				DEBUG_INFORMATION_FORMAT = "dwarf-with-dsym";
				ENABLE_NS_ASSERTIONS = NO;
				ENABLE_STRICT_OBJC_MSGSEND = YES;
				GCC_C_LANGUAGE_STANDARD = gnu11;
				GCC_NO_COMMON_BLOCKS = YES;
				GCC_WARN_64_TO_32_BIT_CONVERSION = YES;
				GCC_WARN_ABOUT_RETURN_TYPE = YES_ERROR;
				GCC_WARN_UNDECLARED_SELECTOR = YES;
				GCC_WARN_UNINITIALIZED_AUTOS = YES_AGGRESSIVE;
				GCC_WARN_UNUSED_FUNCTION = YES;
				GCC_WARN_UNUSED_VARIABLE = YES;
				IPHONEOS_DEPLOYMENT_TARGET = 13.5;
				MTL_ENABLE_DEBUG_INFO = NO;
				MTL_FAST_MATH = YES;
				SDKROOT = iphoneos;
				SWIFT_COMPILATION_MODE = wholemodule;
				SWIFT_OPTIMIZATION_LEVEL = "-O";
				VALIDATE_PRODUCT = YES;
			};
			name = Release;
		};
		3DDE4A1524E6EEFA00EB2EBF /* Debug */ = {
			isa = XCBuildConfiguration;
			buildSettings = {
				ASSETCATALOG_COMPILER_APPICON_NAME = AppIcon;
				CODE_SIGN_STYLE = Automatic;
				INFOPLIST_FILE = NerdzOverlapScroll/Info.plist;
				LD_RUNPATH_SEARCH_PATHS = (
					"$(inherited)",
					"@executable_path/Frameworks",
				);
				PRODUCT_BUNDLE_IDENTIFIER = NerdzLab.NerdzOverlapScroll;
				PRODUCT_NAME = "$(TARGET_NAME)";
				SWIFT_VERSION = 5.0;
				TARGETED_DEVICE_FAMILY = "1,2";
			};
			name = Debug;
		};
		3DDE4A1624E6EEFA00EB2EBF /* Release */ = {
			isa = XCBuildConfiguration;
			buildSettings = {
				ASSETCATALOG_COMPILER_APPICON_NAME = AppIcon;
				CODE_SIGN_STYLE = Automatic;
				INFOPLIST_FILE = NerdzOverlapScroll/Info.plist;
				LD_RUNPATH_SEARCH_PATHS = (
					"$(inherited)",
					"@executable_path/Frameworks",
				);
				PRODUCT_BUNDLE_IDENTIFIER = NerdzLab.NerdzOverlapScroll;
				PRODUCT_NAME = "$(TARGET_NAME)";
				SWIFT_VERSION = 5.0;
				TARGETED_DEVICE_FAMILY = "1,2";
			};
			name = Release;
		};
/* End XCBuildConfiguration section */

/* Begin XCConfigurationList section */
		3DDE49FB24E6EEF600EB2EBF /* Build configuration list for PBXProject "NerdzOverlapScroll" */ = {
			isa = XCConfigurationList;
			buildConfigurations = (
				3DDE4A1224E6EEFA00EB2EBF /* Debug */,
				3DDE4A1324E6EEFA00EB2EBF /* Release */,
			);
			defaultConfigurationIsVisible = 0;
			defaultConfigurationName = Release;
		};
		3DDE4A1424E6EEFA00EB2EBF /* Build configuration list for PBXNativeTarget "NerdzOverlapScroll" */ = {
			isa = XCConfigurationList;
			buildConfigurations = (
				3DDE4A1524E6EEFA00EB2EBF /* Debug */,
				3DDE4A1624E6EEFA00EB2EBF /* Release */,
			);
			defaultConfigurationIsVisible = 0;
			defaultConfigurationName = Release;
		};
/* End XCConfigurationList section */
	};
	rootObject = 3DDE49F824E6EEF600EB2EBF /* Project object */;
}
